
Microsoft Visual Studio Solution File, Format Version 12.00
# Visual Studio Version 17
VisualStudioVersion = 17.0.31903.59
MinimumVisualStudioVersion = 10.0.40219.1
Project("{2150E333-8FDC-42A3-9474-1A3956D46DE8}") = "src", "src", "{3CBCF384-032F-4898-9620-E1222B923C36}"
EndProject
Project("{FAE04EC0-301F-11D3-BF4B-00C04F79EFBC}") = "LeetSharp.Solutions.Library", "src\LeetSharp.Solutions.Library\LeetSharp.Solutions.Library.csproj", "{D40D259F-D0FC-441B-9729-B22CAFFC9F80}"
EndProject
Project("{2150E333-8FDC-42A3-9474-1A3956D46DE8}") = "test", "test", "{454A05C4-AEDE-4204-B211-16BA3074BEC8}"
EndProject
Project("{FAE04EC0-301F-11D3-BF4B-00C04F79EFBC}") = "LeetSharp.Solutions.Library.UnitTest", "test\LeetSharp.Solutions.Library.UnitTest\LeetSharp.Solutions.Library.UnitTest.csproj", "{2540947D-2686-4CEB-9C3D-E1357DD844FD}"
EndProject
Project("{FAE04EC0-301F-11D3-BF4B-00C04F79EFBC}") = "LeetSharp.Benchmarks.Console", "src\LeetSharp.Benchmarks.Console\LeetSharp.Benchmarks.Console.csproj", "{4968BC24-BF35-4380-9131-053D0B6A8D82}"
EndProject
Global
	GlobalSection(SolutionConfigurationPlatforms) = preSolution
		Debug|Any CPU = Debug|Any CPU
		Release|Any CPU = Release|Any CPU
	EndGlobalSection
	GlobalSection(SolutionProperties) = preSolution
		HideSolutionNode = FALSE
	EndGlobalSection
	GlobalSection(ProjectConfigurationPlatforms) = postSolution
		{D40D259F-D0FC-441B-9729-B22CAFFC9F80}.Debug|Any CPU.ActiveCfg = Debug|Any CPU
		{D40D259F-D0FC-441B-9729-B22CAFFC9F80}.Debug|Any CPU.Build.0 = Debug|Any CPU
		{D40D259F-D0FC-441B-9729-B22CAFFC9F80}.Release|Any CPU.ActiveCfg = Release|Any CPU
		{D40D259F-D0FC-441B-9729-B22CAFFC9F80}.Release|Any CPU.Build.0 = Release|Any CPU
		{2540947D-2686-4CEB-9C3D-E1357DD844FD}.Debug|Any CPU.ActiveCfg = Debug|Any CPU
		{2540947D-2686-4CEB-9C3D-E1357DD844FD}.Debug|Any CPU.Build.0 = Debug|Any CPU
		{2540947D-2686-4CEB-9C3D-E1357DD844FD}.Release|Any CPU.ActiveCfg = Release|Any CPU
		{2540947D-2686-4CEB-9C3D-E1357DD844FD}.Release|Any CPU.Build.0 = Release|Any CPU
		{4968BC24-BF35-4380-9131-053D0B6A8D82}.Debug|Any CPU.ActiveCfg = Debug|Any CPU
		{4968BC24-BF35-4380-9131-053D0B6A8D82}.Debug|Any CPU.Build.0 = Debug|Any CPU
		{4968BC24-BF35-4380-9131-053D0B6A8D82}.Release|Any CPU.ActiveCfg = Release|Any CPU
		{4968BC24-BF35-4380-9131-053D0B6A8D82}.Release|Any CPU.Build.0 = Release|Any CPU
	EndGlobalSection
	GlobalSection(NestedProjects) = preSolution
		{D40D259F-D0FC-441B-9729-B22CAFFC9F80} = {3CBCF384-032F-4898-9620-E1222B923C36}
		{2540947D-2686-4CEB-9C3D-E1357DD844FD} = {454A05C4-AEDE-4204-B211-16BA3074BEC8}
		{4968BC24-BF35-4380-9131-053D0B6A8D82} = {3CBCF384-032F-4898-9620-E1222B923C36}
	EndGlobalSection
EndGlobal
